// !$*UTF8*$!
{
	archiveVersion = 1;
	classes = {
	};
	objectVersion = 56;
	objects = {

/* Begin PBXBuildFile section */
		B00100000000000000000001 /* HitoLogApp.swift in Sources */ = {isa = PBXBuildFile; fileRef = F00100000000000000000001 /* HitoLogApp.swift */; };
		B00100000000000000000002 /* AppRouter.swift in Sources */ = {isa = PBXBuildFile; fileRef = F00100000000000000000002 /* AppRouter.swift */; };
		B00100000000000000000003 /* MainTabView.swift in Sources */ = {isa = PBXBuildFile; fileRef = F00100000000000000000003 /* MainTabView.swift */; };
		B00100000000000000000004 /* LoginView.swift in Sources */ = {isa = PBXBuildFile; fileRef = F00100000000000000000004 /* LoginView.swift */; };
		B00100000000000000000005 /* OnboardingView.swift in Sources */ = {isa = PBXBuildFile; fileRef = F00100000000000000000005 /* OnboardingView.swift */; };
		B00100000000000000000006 /* TimelineView.swift in Sources */ = {isa = PBXBuildFile; fileRef = F00100000000000000000006 /* TimelineView.swift */; };
		B00100000000000000000007 /* TimelineViewModel.swift in Sources */ = {isa = PBXBuildFile; fileRef = F00100000000000000000007 /* TimelineViewModel.swift */; };
		B00100000000000000000008 /* PostRowView.swift in Sources */ = {isa = PBXBuildFile; fileRef = F00100000000000000000008 /* PostRowView.swift */; };
		B00100000000000000000009 /* ComposePostView.swift in Sources */ = {isa = PBXBuildFile; fileRef = F00100000000000000000009 /* ComposePostView.swift */; };
		B00100000000000000000010 /* ComposePostViewModel.swift in Sources */ = {isa = PBXBuildFile; fileRef = F00100000000000000000010 /* ComposePostViewModel.swift */; };
		B00100000000000000000011 /* NoPasteTextView.swift in Sources */ = {isa = PBXBuildFile; fileRef = F00100000000000000000011 /* NoPasteTextView.swift */; };
		B00100000000000000000012 /* NoPasteTextViewRepresentable.swift in Sources */ = {isa = PBXBuildFile; fileRef = F00100000000000000000012 /* NoPasteTextViewRepresentable.swift */; };
		B00100000000000000000013 /* TypingMetrics.swift in Sources */ = {isa = PBXBuildFile; fileRef = F00100000000000000000013 /* TypingMetrics.swift */; };
		B00100000000000000000014 /* PostDetailView.swift in Sources */ = {isa = PBXBuildFile; fileRef = F00100000000000000000014 /* PostDetailView.swift */; };
		B00100000000000000000015 /* ProfileView.swift in Sources */ = {isa = PBXBuildFile; fileRef = F00100000000000000000015 /* ProfileView.swift */; };
		B00100000000000000000016 /* SettingsView.swift in Sources */ = {isa = PBXBuildFile; fileRef = F00100000000000000000016 /* SettingsView.swift */; };
		B00100000000000000000017 /* AppUser.swift in Sources */ = {isa = PBXBuildFile; fileRef = F00100000000000000000017 /* AppUser.swift */; };
		B00100000000000000000018 /* Post.swift in Sources */ = {isa = PBXBuildFile; fileRef = F00100000000000000000018 /* Post.swift */; };
		B00100000000000000000019 /* Comment.swift in Sources */ = {isa = PBXBuildFile; fileRef = F00100000000000000000019 /* Comment.swift */; };
		B00100000000000000000020 /* HumanBadge.swift in Sources */ = {isa = PBXBuildFile; fileRef = F00100000000000000000020 /* HumanBadge.swift */; };
		B00100000000000000000021 /* HumanScoreService.swift in Sources */ = {isa = PBXBuildFile; fileRef = F00100000000000000000021 /* HumanScoreService.swift */; };
		B00100000000000000000022 /* MockDataStore.swift in Sources */ = {isa = PBXBuildFile; fileRef = F00100000000000000000022 /* MockDataStore.swift */; };
		B00100000000000000000023 /* Constants.swift in Sources */ = {isa = PBXBuildFile; fileRef = F00100000000000000000023 /* Constants.swift */; };
		B00100000000000000000024 /* DateFormatterUtil.swift in Sources */ = {isa = PBXBuildFile; fileRef = F00100000000000000000024 /* DateFormatterUtil.swift */; };
		B00100000000000000000025 /* ValidationUtil.swift in Sources */ = {isa = PBXBuildFile; fileRef = F00100000000000000000025 /* ValidationUtil.swift */; };
		B00100000000000000000026 /* AppColor.swift in Sources */ = {isa = PBXBuildFile; fileRef = F00100000000000000000026 /* AppColor.swift */; };
		B00100000000000000000027 /* AppFont.swift in Sources */ = {isa = PBXBuildFile; fileRef = F00100000000000000000027 /* AppFont.swift */; };
		B00100000000000000000028 /* AppButton.swift in Sources */ = {isa = PBXBuildFile; fileRef = F00100000000000000000028 /* AppButton.swift */; };
		B00100000000000000000029 /* Assets.xcassets in Resources */ = {isa = PBXBuildFile; fileRef = F00100000000000000000029 /* Assets.xcassets */; };
		B00100000000000000000030 /* BrandIconView.swift in Sources */ = {isa = PBXBuildFile; fileRef = F00100000000000000000031 /* BrandIconView.swift */; };
		B00100000000000000000031 /* HitoLogAppDelegate.swift in Sources */ = {isa = PBXBuildFile; fileRef = F00100000000000000000032 /* HitoLogAppDelegate.swift */; };
		B00100000000000000000032 /* AppDataStore.swift in Sources */ = {isa = PBXBuildFile; fileRef = F00100000000000000000033 /* AppDataStore.swift */; };
		B00100000000000000000033 /* FirebaseDataStore.swift in Sources */ = {isa = PBXBuildFile; fileRef = F00100000000000000000034 /* FirebaseDataStore.swift */; };
		B00100000000000000000034 /* FirebaseBootstrap.swift in Sources */ = {isa = PBXBuildFile; fileRef = F00100000000000000000035 /* FirebaseBootstrap.swift */; };
		B00100000000000000000035 /* AuthSessionStore.swift in Sources */ = {isa = PBXBuildFile; fileRef = F00100000000000000000036 /* AuthSessionStore.swift */; };
		B00100000000000000000036 /* PushNotificationService.swift in Sources */ = {isa = PBXBuildFile; fileRef = F00100000000000000000037 /* PushNotificationService.swift */; };
		B00100000000000000000037 /* FirebaseCore in Frameworks */ = {isa = PBXBuildFile; productRef = E00100000000000000000001 /* FirebaseCore */; };
		B00100000000000000000038 /* FirebaseAuth in Frameworks */ = {isa = PBXBuildFile; productRef = E00100000000000000000002 /* FirebaseAuth */; };
		B00100000000000000000039 /* FirebaseFirestore in Frameworks */ = {isa = PBXBuildFile; productRef = E00100000000000000000003 /* FirebaseFirestore */; };
		B00100000000000000000040 /* FirebaseMessaging in Frameworks */ = {isa = PBXBuildFile; productRef = E00100000000000000000004 /* FirebaseMessaging */; };
		B00100000000000000000041 /* FirebaseAppCheck in Frameworks */ = {isa = PBXBuildFile; productRef = E00100000000000000000005 /* FirebaseAppCheck */; };
		B00100000000000000000042 /* MediaUploadService.swift in Sources */ = {isa = PBXBuildFile; fileRef = F00100000000000000000040 /* MediaUploadService.swift */; };
		B00100000000000000000043 /* PostMediaGridView.swift in Sources */ = {isa = PBXBuildFile; fileRef = F00100000000000000000041 /* PostMediaGridView.swift */; };
		B00100000000000000000044 /* FirebaseStorage in Frameworks */ = {isa = PBXBuildFile; productRef = E00100000000000000000006 /* FirebaseStorage */; };
		B00100000000000000000045 /* AppFeedback.swift in Sources */ = {isa = PBXBuildFile; fileRef = F00100000000000000000042 /* AppFeedback.swift */; };
		B00100000000000000000046 /* AnalyticsService.swift in Sources */ = {isa = PBXBuildFile; fileRef = F00100000000000000000043 /* AnalyticsService.swift */; };
		B00100000000000000000047 /* AppReviewService.swift in Sources */ = {isa = PBXBuildFile; fileRef = F00100000000000000000044 /* AppReviewService.swift */; };
		B00100000000000000000048 /* PostHog in Frameworks */ = {isa = PBXBuildFile; productRef = E00100000000000000000007 /* PostHog */; };
		B00100000000000000000049 /* Article.swift in Sources */ = {isa = PBXBuildFile; fileRef = F00100000000000000000045 /* Article.swift */; };
		B00100000000000000000050 /* ComposeArticleView.swift in Sources */ = {isa = PBXBuildFile; fileRef = F00100000000000000000046 /* ComposeArticleView.swift */; };
		B00100000000000000000051 /* ComposeArticleViewModel.swift in Sources */ = {isa = PBXBuildFile; fileRef = F00100000000000000000047 /* ComposeArticleViewModel.swift */; };
		B00100000000000000000052 /* ArticleCardView.swift in Sources */ = {isa = PBXBuildFile; fileRef = F00100000000000000000048 /* ArticleCardView.swift */; };
		B00100000000000000000053 /* ArticleDetailView.swift in Sources */ = {isa = PBXBuildFile; fileRef = F00100000000000000000049 /* ArticleDetailView.swift */; };
		B00100000000000000000054 /* PurchaseService.swift in Sources */ = {isa = PBXBuildFile; fileRef = F00100000000000000000050 /* PurchaseService.swift */; };
		B00100000000000000000056 /* EarningsView.swift in Sources */ = {isa = PBXBuildFile; fileRef = F00100000000000000000052 /* EarningsView.swift */; };
/* End PBXBuildFile section */

/* Begin PBXFileReference section */
		F00100000000000000000001 /* HitoLogApp.swift */ = {isa = PBXFileReference; lastKnownFileType = sourcecode.swift; path = HitoLogApp.swift; sourceTree = "<group>"; };
		F00100000000000000000002 /* AppRouter.swift */ = {isa = PBXFileReference; lastKnownFileType = sourcecode.swift; path = AppRouter.swift; sourceTree = "<group>"; };
		F00100000000000000000003 /* MainTabView.swift */ = {isa = PBXFileReference; lastKnownFileType = sourcecode.swift; path = MainTabView.swift; sourceTree = "<group>"; };
		F00100000000000000000004 /* LoginView.swift */ = {isa = PBXFileReference; lastKnownFileType = sourcecode.swift; path = LoginView.swift; sourceTree = "<group>"; };
		F00100000000000000000005 /* OnboardingView.swift */ = {isa = PBXFileReference; lastKnownFileType = sourcecode.swift; path = OnboardingView.swift; sourceTree = "<group>"; };
		F00100000000000000000006 /* TimelineView.swift */ = {isa = PBXFileReference; lastKnownFileType = sourcecode.swift; path = TimelineView.swift; sourceTree = "<group>"; };
		F00100000000000000000007 /* TimelineViewModel.swift */ = {isa = PBXFileReference; lastKnownFileType = sourcecode.swift; path = TimelineViewModel.swift; sourceTree = "<group>"; };
		F00100000000000000000008 /* PostRowView.swift */ = {isa = PBXFileReference; lastKnownFileType = sourcecode.swift; path = PostRowView.swift; sourceTree = "<group>"; };
		F00100000000000000000009 /* ComposePostView.swift */ = {isa = PBXFileReference; lastKnownFileType = sourcecode.swift; path = ComposePostView.swift; sourceTree = "<group>"; };
		F00100000000000000000010 /* ComposePostViewModel.swift */ = {isa = PBXFileReference; lastKnownFileType = sourcecode.swift; path = ComposePostViewModel.swift; sourceTree = "<group>"; };
		F00100000000000000000011 /* NoPasteTextView.swift */ = {isa = PBXFileReference; lastKnownFileType = sourcecode.swift; path = NoPasteTextView.swift; sourceTree = "<group>"; };
		F00100000000000000000012 /* NoPasteTextViewRepresentable.swift */ = {isa = PBXFileReference; lastKnownFileType = sourcecode.swift; path = NoPasteTextViewRepresentable.swift; sourceTree = "<group>"; };
		F00100000000000000000013 /* TypingMetrics.swift */ = {isa = PBXFileReference; lastKnownFileType = sourcecode.swift; path = TypingMetrics.swift; sourceTree = "<group>"; };
		F00100000000000000000014 /* PostDetailView.swift */ = {isa = PBXFileReference; lastKnownFileType = sourcecode.swift; path = PostDetailView.swift; sourceTree = "<group>"; };
		F00100000000000000000015 /* ProfileView.swift */ = {isa = PBXFileReference; lastKnownFileType = sourcecode.swift; path = ProfileView.swift; sourceTree = "<group>"; };
		F00100000000000000000016 /* SettingsView.swift */ = {isa = PBXFileReference; lastKnownFileType = sourcecode.swift; path = SettingsView.swift; sourceTree = "<group>"; };
		F00100000000000000000017 /* AppUser.swift */ = {isa = PBXFileReference; lastKnownFileType = sourcecode.swift; path = AppUser.swift; sourceTree = "<group>"; };
		F00100000000000000000018 /* Post.swift */ = {isa = PBXFileReference; lastKnownFileType = sourcecode.swift; path = Post.swift; sourceTree = "<group>"; };
		F00100000000000000000019 /* Comment.swift */ = {isa = PBXFileReference; lastKnownFileType = sourcecode.swift; path = Comment.swift; sourceTree = "<group>"; };
		F00100000000000000000020 /* HumanBadge.swift */ = {isa = PBXFileReference; lastKnownFileType = sourcecode.swift; path = HumanBadge.swift; sourceTree = "<group>"; };
		F00100000000000000000021 /* HumanScoreService.swift */ = {isa = PBXFileReference; lastKnownFileType = sourcecode.swift; path = HumanScoreService.swift; sourceTree = "<group>"; };
		F00100000000000000000022 /* MockDataStore.swift */ = {isa = PBXFileReference; lastKnownFileType = sourcecode.swift; path = MockDataStore.swift; sourceTree = "<group>"; };
		F00100000000000000000023 /* Constants.swift */ = {isa = PBXFileReference; lastKnownFileType = sourcecode.swift; path = Constants.swift; sourceTree = "<group>"; };
		F00100000000000000000024 /* DateFormatterUtil.swift */ = {isa = PBXFileReference; lastKnownFileType = sourcecode.swift; path = DateFormatterUtil.swift; sourceTree = "<group>"; };
		F00100000000000000000025 /* ValidationUtil.swift */ = {isa = PBXFileReference; lastKnownFileType = sourcecode.swift; path = ValidationUtil.swift; sourceTree = "<group>"; };
		F00100000000000000000026 /* AppColor.swift */ = {isa = PBXFileReference; lastKnownFileType = sourcecode.swift; path = AppColor.swift; sourceTree = "<group>"; };
		F00100000000000000000027 /* AppFont.swift */ = {isa = PBXFileReference; lastKnownFileType = sourcecode.swift; path = AppFont.swift; sourceTree = "<group>"; };
		F00100000000000000000028 /* AppButton.swift */ = {isa = PBXFileReference; lastKnownFileType = sourcecode.swift; path = AppButton.swift; sourceTree = "<group>"; };
		F00100000000000000000029 /* Assets.xcassets */ = {isa = PBXFileReference; lastKnownFileType = folder.assetcatalog; path = Assets.xcassets; sourceTree = "<group>"; };
		F00100000000000000000030 /* HitoLog.app */ = {isa = PBXFileReference; explicitFileType = wrapper.application; includeInIndex = 0; path = HitoLog.app; sourceTree = BUILT_PRODUCTS_DIR; };
		F00100000000000000000031 /* BrandIconView.swift */ = {isa = PBXFileReference; lastKnownFileType = sourcecode.swift; path = BrandIconView.swift; sourceTree = "<group>"; };
		F00100000000000000000032 /* HitoLogAppDelegate.swift */ = {isa = PBXFileReference; lastKnownFileType = sourcecode.swift; path = HitoLogAppDelegate.swift; sourceTree = "<group>"; };
		F00100000000000000000033 /* AppDataStore.swift */ = {isa = PBXFileReference; lastKnownFileType = sourcecode.swift; path = AppDataStore.swift; sourceTree = "<group>"; };
		F00100000000000000000034 /* FirebaseDataStore.swift */ = {isa = PBXFileReference; lastKnownFileType = sourcecode.swift; path = FirebaseDataStore.swift; sourceTree = "<group>"; };
		F00100000000000000000035 /* FirebaseBootstrap.swift */ = {isa = PBXFileReference; lastKnownFileType = sourcecode.swift; path = FirebaseBootstrap.swift; sourceTree = "<group>"; };
		F00100000000000000000036 /* AuthSessionStore.swift */ = {isa = PBXFileReference; lastKnownFileType = sourcecode.swift; path = AuthSessionStore.swift; sourceTree = "<group>"; };
		F00100000000000000000037 /* PushNotificationService.swift */ = {isa = PBXFileReference; lastKnownFileType = sourcecode.swift; path = PushNotificationService.swift; sourceTree = "<group>"; };
		F00100000000000000000038 /* HitoLog.entitlements */ = {isa = PBXFileReference; lastKnownFileType = text.plist.entitlements; path = HitoLog.entitlements; sourceTree = "<group>"; };
		F00100000000000000000039 /* Info.plist */ = {isa = PBXFileReference; lastKnownFileType = text.plist.xml; path = Info.plist; sourceTree = "<group>"; };
		F00100000000000000000040 /* MediaUploadService.swift */ = {isa = PBXFileReference; lastKnownFileType = sourcecode.swift; path = MediaUploadService.swift; sourceTree = "<group>"; };
		F00100000000000000000041 /* PostMediaGridView.swift */ = {isa = PBXFileReference; lastKnownFileType = sourcecode.swift; path = PostMediaGridView.swift; sourceTree = "<group>"; };
		F00100000000000000000042 /* AppFeedback.swift */ = {isa = PBXFileReference; lastKnownFileType = sourcecode.swift; path = AppFeedback.swift; sourceTree = "<group>"; };
		F00100000000000000000043 /* AnalyticsService.swift */ = {isa = PBXFileReference; lastKnownFileType = sourcecode.swift; path = AnalyticsService.swift; sourceTree = "<group>"; };
		F00100000000000000000044 /* AppReviewService.swift */ = {isa = PBXFileReference; lastKnownFileType = sourcecode.swift; path = AppReviewService.swift; sourceTree = "<group>"; };
		F00100000000000000000045 /* Article.swift */ = {isa = PBXFileReference; lastKnownFileType = sourcecode.swift; path = Article.swift; sourceTree = "<group>"; };
		F00100000000000000000046 /* ComposeArticleView.swift */ = {isa = PBXFileReference; lastKnownFileType = sourcecode.swift; path = ComposeArticleView.swift; sourceTree = "<group>"; };
		F00100000000000000000047 /* ComposeArticleViewModel.swift */ = {isa = PBXFileReference; lastKnownFileType = sourcecode.swift; path = ComposeArticleViewModel.swift; sourceTree = "<group>"; };
		F00100000000000000000048 /* ArticleCardView.swift */ = {isa = PBXFileReference; lastKnownFileType = sourcecode.swift; path = ArticleCardView.swift; sourceTree = "<group>"; };
		F00100000000000000000049 /* ArticleDetailView.swift */ = {isa = PBXFileReference; lastKnownFileType = sourcecode.swift; path = ArticleDetailView.swift; sourceTree = "<group>"; };
		F00100000000000000000050 /* PurchaseService.swift */ = {isa = PBXFileReference; lastKnownFileType = sourcecode.swift; path = PurchaseService.swift; sourceTree = "<group>"; };
		F00100000000000000000051 /* HitoLog.storekit */ = {isa = PBXFileReference; lastKnownFileType = text; path = HitoLog.storekit; sourceTree = "<group>"; };
		F00100000000000000000052 /* EarningsView.swift */ = {isa = PBXFileReference; lastKnownFileType = sourcecode.swift; path = EarningsView.swift; sourceTree = "<group>"; };
/* End PBXFileReference section */

/* Begin PBXFrameworksBuildPhase section */
		A00100000000000000000001 /* Frameworks */ = {
			isa = PBXFrameworksBuildPhase;
			buildActionMask = 2147483647;
			files = (
				B00100000000000000000037 /* FirebaseCore in Frameworks */,
				B00100000000000000000038 /* FirebaseAuth in Frameworks */,
				B00100000000000000000039 /* FirebaseFirestore in Frameworks */,
				B00100000000000000000040 /* FirebaseMessaging in Frameworks */,
				B00100000000000000000041 /* FirebaseAppCheck in Frameworks */,
				B00100000000000000000044 /* FirebaseStorage in Frameworks */,
				B00100000000000000000048 /* PostHog in Frameworks */,
			);
			runOnlyForDeploymentPostprocessing = 0;
		};
/* End PBXFrameworksBuildPhase section */

/* Begin PBXGroup section */
		A00100000000000000000002 = {
			isa = PBXGroup;
			children = (
				A00100000000000000000004 /* HitoLog */,
				A00100000000000000000003 /* Products */,
			);
			sourceTree = "<group>";
		};
		A00100000000000000000003 /* Products */ = {
			isa = PBXGroup;
			children = (
				F00100000000000000000030 /* HitoLog.app */,
			);
			name = Products;
			sourceTree = "<group>";
		};
		A00100000000000000000004 /* HitoLog */ = {
			isa = PBXGroup;
			children = (
				A00100000000000000000005 /* App */,
				A00100000000000000000006 /* Features */,
				A00100000000000000000007 /* Core */,
				A00100000000000000000008 /* Resources */,
				F00100000000000000000038 /* HitoLog.entitlements */,
				F00100000000000000000051 /* HitoLog.storekit */,
			);
			path = HitoLog;
			sourceTree = "<group>";
		};
		A00100000000000000000005 /* App */ = {
			isa = PBXGroup;
			children = (
				F00100000000000000000001 /* HitoLogApp.swift */,
				F00100000000000000000032 /* HitoLogAppDelegate.swift */,
				F00100000000000000000002 /* AppRouter.swift */,
				F00100000000000000000003 /* MainTabView.swift */,
			);
			path = App;
			sourceTree = "<group>";
		};
		A00100000000000000000006 /* Features */ = {
			isa = PBXGroup;
			children = (
				A00100000000000000000009 /* Auth */,
				A00100000000000000000010 /* Onboarding */,
				A00100000000000000000011 /* Timeline */,
				A00100000000000000000012 /* Compose */,
				A00100000000000000000013 /* PostDetail */,
				A00100000000000000000014 /* Profile */,
				A00100000000000000000015 /* Settings */,
				A00100000000000000000031 /* Article */,
			);
			path = Features;
			sourceTree = "<group>";
		};
		A00100000000000000000031 /* Article */ = {
			isa = PBXGroup;
			children = (
				F00100000000000000000048 /* ArticleCardView.swift */,
				F00100000000000000000049 /* ArticleDetailView.swift */,
				F00100000000000000000052 /* EarningsView.swift */,
			);
			path = Article;
			sourceTree = "<group>";
		};
		A00100000000000000000007 /* Core */ = {
			isa = PBXGroup;
			children = (
				A00100000000000000000016 /* Models */,
				A00100000000000000000017 /* Services */,
				A00100000000000000000018 /* Utilities */,
				A00100000000000000000019 /* DesignSystem */,
			);
			path = Core;
			sourceTree = "<group>";
		};
		A00100000000000000000008 /* Resources */ = {
			isa = PBXGroup;
			children = (
				F00100000000000000000039 /* Info.plist */,
				F00100000000000000000029 /* Assets.xcassets */,
			);
			path = Resources;
			sourceTree = "<group>";
		};
		A00100000000000000000009 /* Auth */ = {
			isa = PBXGroup;
			children = (
				F00100000000000000000004 /* LoginView.swift */,
			);
			path = Auth;
			sourceTree = "<group>";
		};
		A00100000000000000000010 /* Onboarding */ = {
			isa = PBXGroup;
			children = (
				F00100000000000000000005 /* OnboardingView.swift */,
			);
			path = Onboarding;
			sourceTree = "<group>";
		};
		A00100000000000000000011 /* Timeline */ = {
			isa = PBXGroup;
			children = (
				F00100000000000000000006 /* TimelineView.swift */,
				F00100000000000000000007 /* TimelineViewModel.swift */,
				F00100000000000000000008 /* PostRowView.swift */,
				F00100000000000000000041 /* PostMediaGridView.swift */,
			);
			path = Timeline;
			sourceTree = "<group>";
		};
		A00100000000000000000012 /* Compose */ = {
			isa = PBXGroup;
			children = (
				F00100000000000000000009 /* ComposePostView.swift */,
				F00100000000000000000010 /* ComposePostViewModel.swift */,
				F00100000000000000000011 /* NoPasteTextView.swift */,
				F00100000000000000000012 /* NoPasteTextViewRepresentable.swift */,
				F00100000000000000000013 /* TypingMetrics.swift */,
				F00100000000000000000046 /* ComposeArticleView.swift */,
				F00100000000000000000047 /* ComposeArticleViewModel.swift */,
			);
			path = Compose;
			sourceTree = "<group>";
		};
		A00100000000000000000013 /* PostDetail */ = {
			isa = PBXGroup;
			children = (
				F00100000000000000000014 /* PostDetailView.swift */,
			);
			path = PostDetail;
			sourceTree = "<group>";
		};
		A00100000000000000000014 /* Profile */ = {
			isa = PBXGroup;
			children = (
				F00100000000000000000015 /* ProfileView.swift */,
			);
			path = Profile;
			sourceTree = "<group>";
		};
		A00100000000000000000015 /* Settings */ = {
			isa = PBXGroup;
			children = (
				F00100000000000000000016 /* SettingsView.swift */,
			);
			path = Settings;
			sourceTree = "<group>";
		};
		A00100000000000000000016 /* Models */ = {
			isa = PBXGroup;
			children = (
				F00100000000000000000017 /* AppUser.swift */,
				F00100000000000000000018 /* Post.swift */,
				F00100000000000000000019 /* Comment.swift */,
				F00100000000000000000020 /* HumanBadge.swift */,
				F00100000000000000000042 /* AppFeedback.swift */,
				F00100000000000000000045 /* Article.swift */,
			);
			path = Models;
			sourceTree = "<group>";
		};
		A00100000000000000000017 /* Services */ = {
			isa = PBXGroup;
			children = (
				F00100000000000000000021 /* HumanScoreService.swift */,
				F00100000000000000000033 /* AppDataStore.swift */,
				F00100000000000000000034 /* FirebaseDataStore.swift */,
				F00100000000000000000035 /* FirebaseBootstrap.swift */,
				F00100000000000000000036 /* AuthSessionStore.swift */,
				F00100000000000000000037 /* PushNotificationService.swift */,
				F00100000000000000000043 /* AnalyticsService.swift */,
				F00100000000000000000044 /* AppReviewService.swift */,
				F00100000000000000000040 /* MediaUploadService.swift */,
				F00100000000000000000050 /* PurchaseService.swift */,
				F00100000000000000000022 /* MockDataStore.swift */,
			);
			path = Services;
			sourceTree = "<group>";
		};
		A00100000000000000000018 /* Utilities */ = {
			isa = PBXGroup;
			children = (
				F00100000000000000000023 /* Constants.swift */,
				F00100000000000000000024 /* DateFormatterUtil.swift */,
				F00100000000000000000025 /* ValidationUtil.swift */,
			);
			path = Utilities;
			sourceTree = "<group>";
		};
		A00100000000000000000019 /* DesignSystem */ = {
			isa = PBXGroup;
			children = (
				F00100000000000000000026 /* AppColor.swift */,
				F00100000000000000000027 /* AppFont.swift */,
				F00100000000000000000028 /* AppButton.swift */,
				F00100000000000000000031 /* BrandIconView.swift */,
			);
			path = DesignSystem;
			sourceTree = "<group>";
		};
/* End PBXGroup section */

/* Begin PBXNativeTarget section */
		A00100000000000000000020 /* HitoLog */ = {
			isa = PBXNativeTarget;
			buildConfigurationList = A00100000000000000000021 /* Build configuration list for PBXNativeTarget "HitoLog" */;
			buildPhases = (
				A00100000000000000000022 /* Sources */,
				A00100000000000000000001 /* Frameworks */,
				A00100000000000000000023 /* Resources */,
				A00100000000000000000030 /* Copy Firebase Configuration */,
			);
			buildRules = (
			);
			dependencies = (
			);
			name = HitoLog;
			packageProductDependencies = (
				E00100000000000000000001 /* FirebaseCore */,
				E00100000000000000000002 /* FirebaseAuth */,
				E00100000000000000000003 /* FirebaseFirestore */,
				E00100000000000000000004 /* FirebaseMessaging */,
				E00100000000000000000005 /* FirebaseAppCheck */,
				E00100000000000000000006 /* FirebaseStorage */,
				E00100000000000000000007 /* PostHog */,
			);
			productName = HitoLog;
			productReference = F00100000000000000000030 /* HitoLog.app */;
			productType = "com.apple.product-type.application";
		};
/* End PBXNativeTarget section */

/* Begin PBXProject section */
		A00100000000000000000024 /* Project object */ = {
			isa = PBXProject;
			attributes = {
				BuildIndependentTargetsInParallel = 1;
				LastSwiftUpdateCheck = 2650;
				LastUpgradeCheck = 2650;
				TargetAttributes = {
					A00100000000000000000020 = {
						CreatedOnToolsVersion = 26.5;
					};
				};
			};
			buildConfigurationList = A00100000000000000000025 /* Build configuration list for PBXProject "HitoLog" */;
			compatibilityVersion = "Xcode 14.0";
			developmentRegion = ja;
			hasScannedForEncodings = 0;
			knownRegions = (
				ja,
				Base,
			);
			mainGroup = A00100000000000000000002;
			packageReferences = (
				P00100000000000000000001 /* XCRemoteSwiftPackageReference "firebase-ios-sdk" */,
				P00100000000000000000002 /* XCRemoteSwiftPackageReference "posthog-ios" */,
			);
			productRefGroup = A00100000000000000000003 /* Products */;
			projectDirPath = "";
			projectRoot = "";
			targets = (
				A00100000000000000000020 /* HitoLog */,
			);
		};
/* End PBXProject section */

/* Begin PBXResourcesBuildPhase section */
		A00100000000000000000023 /* Resources */ = {
			isa = PBXResourcesBuildPhase;
			buildActionMask = 2147483647;
			files = (
				B00100000000000000000029 /* Assets.xcassets in Resources */,
			);
			runOnlyForDeploymentPostprocessing = 0;
		};
/* End PBXResourcesBuildPhase section */

/* Begin PBXShellScriptBuildPhase section */
		A00100000000000000000030 /* Copy Firebase Configuration */ = {
			isa = PBXShellScriptBuildPhase;
			buildActionMask = 2147483647;
			files = (
			);
			inputFileListPaths = (
			);
			inputPaths = (
				"$(SRCROOT)/HitoLog/Resources/GoogleService-Info.plist",
			);
			name = "Copy Firebase Configuration";
			outputFileListPaths = (
			);
			outputPaths = (
				"$(TARGET_BUILD_DIR)/$(UNLOCALIZED_RESOURCES_FOLDER_PATH)/GoogleService-Info.plist",
			);
			runOnlyForDeploymentPostprocessing = 0;
			shellPath = /bin/sh;
			shellScript = "set -e\nPLIST=\"$SRCROOT/HitoLog/Resources/GoogleService-Info.plist\"\nif [ -f \"$PLIST\" ]; then\n  cp \"$PLIST\" \"$TARGET_BUILD_DIR/$UNLOCALIZED_RESOURCES_FOLDER_PATH/GoogleService-Info.plist\"\nfi\n";
		};
/* End PBXShellScriptBuildPhase section */

/* Begin PBXSourcesBuildPhase section */
		A00100000000000000000022 /* Sources */ = {
			isa = PBXSourcesBuildPhase;
			buildActionMask = 2147483647;
			files = (
				B00100000000000000000001 /* HitoLogApp.swift in Sources */,
				B00100000000000000000031 /* HitoLogAppDelegate.swift in Sources */,
				B00100000000000000000002 /* AppRouter.swift in Sources */,
				B00100000000000000000003 /* MainTabView.swift in Sources */,
				B00100000000000000000004 /* LoginView.swift in Sources */,
				B00100000000000000000005 /* OnboardingView.swift in Sources */,
				B00100000000000000000006 /* TimelineView.swift in Sources */,
				B00100000000000000000007 /* TimelineViewModel.swift in Sources */,
				B00100000000000000000008 /* PostRowView.swift in Sources */,
				B00100000000000000000009 /* ComposePostView.swift in Sources */,
				B00100000000000000000010 /* ComposePostViewModel.swift in Sources */,
				B00100000000000000000011 /* NoPasteTextView.swift in Sources */,
				B00100000000000000000012 /* NoPasteTextViewRepresentable.swift in Sources */,
				B00100000000000000000013 /* TypingMetrics.swift in Sources */,
				B00100000000000000000014 /* PostDetailView.swift in Sources */,
				B00100000000000000000015 /* ProfileView.swift in Sources */,
				B00100000000000000000016 /* SettingsView.swift in Sources */,
				B00100000000000000000017 /* AppUser.swift in Sources */,
				B00100000000000000000018 /* Post.swift in Sources */,
				B00100000000000000000019 /* Comment.swift in Sources */,
				B00100000000000000000020 /* HumanBadge.swift in Sources */,
				B00100000000000000000021 /* HumanScoreService.swift in Sources */,
				B00100000000000000000032 /* AppDataStore.swift in Sources */,
				B00100000000000000000033 /* FirebaseDataStore.swift in Sources */,
				B00100000000000000000034 /* FirebaseBootstrap.swift in Sources */,
				B00100000000000000000035 /* AuthSessionStore.swift in Sources */,
				B00100000000000000000036 /* PushNotificationService.swift in Sources */,
				B00100000000000000000046 /* AnalyticsService.swift in Sources */,
				B00100000000000000000047 /* AppReviewService.swift in Sources */,
				B00100000000000000000042 /* MediaUploadService.swift in Sources */,
				B00100000000000000000054 /* PurchaseService.swift in Sources */,
				B00100000000000000000022 /* MockDataStore.swift in Sources */,
				B00100000000000000000023 /* Constants.swift in Sources */,
				B00100000000000000000024 /* DateFormatterUtil.swift in Sources */,
				B00100000000000000000025 /* ValidationUtil.swift in Sources */,
				B00100000000000000000026 /* AppColor.swift in Sources */,
				B00100000000000000000027 /* AppFont.swift in Sources */,
				B00100000000000000000028 /* AppButton.swift in Sources */,
				B00100000000000000000030 /* BrandIconView.swift in Sources */,
				B00100000000000000000043 /* PostMediaGridView.swift in Sources */,
				B00100000000000000000045 /* AppFeedback.swift in Sources */,
				B00100000000000000000049 /* Article.swift in Sources */,
				B00100000000000000000050 /* ComposeArticleView.swift in Sources */,
				B00100000000000000000051 /* ComposeArticleViewModel.swift in Sources */,
				B00100000000000000000052 /* ArticleCardView.swift in Sources */,
				B00100000000000000000053 /* ArticleDetailView.swift in Sources */,
				B00100000000000000000056 /* EarningsView.swift in Sources */,
			);
			runOnlyForDeploymentPostprocessing = 0;
		};
/* End PBXSourcesBuildPhase section */

/* Begin XCBuildConfiguration section */
		A00100000000000000000026 /* Debug */ = {
			isa = XCBuildConfiguration;
			buildSettings = {
				ALWAYS_SEARCH_USER_PATHS = NO;
				ASSETCATALOG_COMPILER_GENERATE_SWIFT_ASSET_SYMBOL_EXTENSIONS = YES;
				CLANG_ANALYZER_NONNULL = YES;
				CLANG_ANALYZER_NUMBER_OBJECT_CONVERSION = YES_AGGRESSIVE;
				CLANG_CXX_LANGUAGE_STANDARD = "gnu++20";
				CLANG_ENABLE_MODULES = YES;
				CLANG_ENABLE_OBJC_ARC = YES;
				CLANG_ENABLE_OBJC_WEAK = YES;
				CLANG_WARN_BLOCK_CAPTURE_AUTORELEASING = YES;
				CLANG_WARN_BOOL_CONVERSION = YES;
				CLANG_WARN_COMMA = YES;
				CLANG_WARN_CONSTANT_CONVERSION = YES;
				CLANG_WARN_DEPRECATED_OBJC_IMPLEMENTATIONS = YES;
				CLANG_WARN_DIRECT_OBJC_ISA_USAGE = YES_ERROR;
				CLANG_WARN_DOCUMENTATION_COMMENTS = YES;
				CLANG_WARN_EMPTY_BODY = YES;
				CLANG_WARN_ENUM_CONVERSION = YES;
				CLANG_WARN_INFINITE_RECURSION = YES;
				CLANG_WARN_INT_CONVERSION = YES;
				CLANG_WARN_NON_LITERAL_NULL_CONVERSION = YES;
				CLANG_WARN_OBJC_IMPLICIT_RETAIN_SELF = YES;
				CLANG_WARN_OBJC_LITERAL_CONVERSION = YES;
				CLANG_WARN_OBJC_ROOT_CLASS = YES_ERROR;
				CLANG_WARN_QUOTED_INCLUDE_IN_FRAMEWORK_HEADER = YES;
				CLANG_WARN_RANGE_LOOP_ANALYSIS = YES;
				CLANG_WARN_STRICT_PROTOTYPES = YES;
				CLANG_WARN_SUSPICIOUS_MOVE = YES;
				CLANG_WARN_UNGUARDED_AVAILABILITY = YES_AGGRESSIVE;
				CLANG_WARN_UNREACHABLE_CODE = YES;
				CLANG_WARN__DUPLICATE_METHOD_MATCH = YES;
				COPY_PHASE_STRIP = NO;
				DEBUG_INFORMATION_FORMAT = dwarf;
				ENABLE_STRICT_OBJC_MSGSEND = YES;
				ENABLE_TESTABILITY = YES;
				ENABLE_USER_SCRIPT_SANDBOXING = YES;
				GCC_C_LANGUAGE_STANDARD = gnu17;
				GCC_DYNAMIC_NO_PIC = NO;
				GCC_NO_COMMON_BLOCKS = YES;
				GCC_OPTIMIZATION_LEVEL = 0;
				GCC_PREPROCESSOR_DEFINITIONS = (
					"DEBUG=1",
					"$(inherited)",
				);
				GCC_WARN_64_TO_32_BIT_CONVERSION = YES;
				GCC_WARN_ABOUT_RETURN_TYPE = YES_ERROR;
				GCC_WARN_UNDECLARED_SELECTOR = YES;
				GCC_WARN_UNINITIALIZED_AUTOS = YES_AGGRESSIVE;
				GCC_WARN_UNUSED_FUNCTION = YES;
				GCC_WARN_UNUSED_VARIABLE = YES;
				IPHONEOS_DEPLOYMENT_TARGET = 17.0;
				MTL_ENABLE_DEBUG_INFO = INCLUDE_SOURCE;
				MTL_FAST_MATH = YES;
				ONLY_ACTIVE_ARCH = YES;
				SDKROOT = iphoneos;
				SWIFT_ACTIVE_COMPILATION_CONDITIONS = DEBUG;
				SWIFT_OPTIMIZATION_LEVEL = "-Onone";
			};
			name = Debug;
		};
		A00100000000000000000027 /* Release */ = {
			isa = XCBuildConfiguration;
			buildSettings = {
				ALWAYS_SEARCH_USER_PATHS = NO;
				ASSETCATALOG_COMPILER_GENERATE_SWIFT_ASSET_SYMBOL_EXTENSIONS = YES;
				CLANG_ANALYZER_NONNULL = YES;
				CLANG_ANALYZER_NUMBER_OBJECT_CONVERSION = YES_AGGRESSIVE;
				CLANG_CXX_LANGUAGE_STANDARD = "gnu++20";
				CLANG_ENABLE_MODULES = YES;
				CLANG_ENABLE_OBJC_ARC = YES;
				CLANG_ENABLE_OBJC_WEAK = YES;
				CLANG_WARN_BLOCK_CAPTURE_AUTORELEASING = YES;
				CLANG_WARN_BOOL_CONVERSION = YES;
				CLANG_WARN_COMMA = YES;
				CLANG_WARN_CONSTANT_CONVERSION = YES;
				CLANG_WARN_DEPRECATED_OBJC_IMPLEMENTATIONS = YES;
				CLANG_WARN_DIRECT_OBJC_ISA_USAGE = YES_ERROR;
				CLANG_WARN_DOCUMENTATION_COMMENTS = YES;
				CLANG_WARN_EMPTY_BODY = YES;
				CLANG_WARN_ENUM_CONVERSION = YES;
				CLANG_WARN_INFINITE_RECURSION = YES;
				CLANG_WARN_INT_CONVERSION = YES;
				CLANG_WARN_NON_LITERAL_NULL_CONVERSION = YES;
				CLANG_WARN_OBJC_IMPLICIT_RETAIN_SELF = YES;
				CLANG_WARN_OBJC_LITERAL_CONVERSION = YES;
				CLANG_WARN_OBJC_ROOT_CLASS = YES_ERROR;
				CLANG_WARN_QUOTED_INCLUDE_IN_FRAMEWORK_HEADER = YES;
				CLANG_WARN_RANGE_LOOP_ANALYSIS = YES;
				CLANG_WARN_STRICT_PROTOTYPES = YES;
				CLANG_WARN_SUSPICIOUS_MOVE = YES;
				CLANG_WARN_UNGUARDED_AVAILABILITY = YES_AGGRESSIVE;
				CLANG_WARN_UNREACHABLE_CODE = YES;
				CLANG_WARN__DUPLICATE_METHOD_MATCH = YES;
				COPY_PHASE_STRIP = NO;
				DEBUG_INFORMATION_FORMAT = "dwarf-with-dsym";
				ENABLE_NS_ASSERTIONS = NO;
				ENABLE_STRICT_OBJC_MSGSEND = YES;
				ENABLE_USER_SCRIPT_SANDBOXING = YES;
				GCC_C_LANGUAGE_STANDARD = gnu17;
				GCC_NO_COMMON_BLOCKS = YES;
				GCC_WARN_64_TO_32_BIT_CONVERSION = YES;
				GCC_WARN_ABOUT_RETURN_TYPE = YES_ERROR;
				GCC_WARN_UNDECLARED_SELECTOR = YES;
				GCC_WARN_UNINITIALIZED_AUTOS = YES_AGGRESSIVE;
				GCC_WARN_UNUSED_FUNCTION = YES;
				GCC_WARN_UNUSED_VARIABLE = YES;
				IPHONEOS_DEPLOYMENT_TARGET = 17.0;
				MTL_ENABLE_DEBUG_INFO = NO;
				MTL_FAST_MATH = YES;
				SDKROOT = iphoneos;
				SWIFT_COMPILATION_MODE = wholemodule;
				SWIFT_OPTIMIZATION_LEVEL = "-O";
				VALIDATE_PRODUCT = YES;
			};
			name = Release;
		};
		A00100000000000000000028 /* Debug */ = {
			isa = XCBuildConfiguration;
			buildSettings = {
				APP_ATTEST_ENVIRONMENT = development;
				APS_ENVIRONMENT = development;
				ASSETCATALOG_COMPILER_APPICON_NAME = AppIcon;
				ASSETCATALOG_COMPILER_GLOBAL_ACCENT_COLOR_NAME = AccentColor;
				CODE_SIGN_ENTITLEMENTS = HitoLog/HitoLog.entitlements;
				CODE_SIGN_IDENTITY = "Apple Development";
				CODE_SIGN_STYLE = Automatic;
				CURRENT_PROJECT_VERSION = 1;
				DEVELOPMENT_TEAM = 976WT2WW6X;
				GENERATE_INFOPLIST_FILE = NO;
				INFOPLIST_FILE = HitoLog/Resources/Info.plist;
				IPHONEOS_DEPLOYMENT_TARGET = 17.0;
				LD_RUNPATH_SEARCH_PATHS = (
					"$(inherited)",
					"@executable_path/Frameworks",
				);
				MARKETING_VERSION = 1.0;
				POSTHOG_HOST = "https://us.i.posthog.com";
				POSTHOG_PROJECT_TOKEN = "";
				"POSTHOG_PROJECT_TOKEN[arch=*]" = phc_oVcuGh3W2WeqxNR8Qhb83ASZf4nvuisJGpNpKncZUdpz;
				PRODUCT_BUNDLE_IDENTIFIER = com.yukikawabata.HitoLog;
				PRODUCT_NAME = "$(TARGET_NAME)";
				PROVISIONING_PROFILE_SPECIFIER = "";
				SUPPORTED_PLATFORMS = "iphoneos iphonesimulator";
				SUPPORTS_MACCATALYST = NO;
				SUPPORTS_MAC_DESIGNED_FOR_IPHONE_IPAD = NO;
				SWIFT_EMIT_LOC_STRINGS = YES;
				SWIFT_VERSION = 5.0;
				TARGETED_DEVICE_FAMILY = "1,2";
			};
			name = Debug;
		};
		A00100000000000000000029 /* Release */ = {
			isa = XCBuildConfiguration;
			buildSettings = {
				APP_ATTEST_ENVIRONMENT = production;
				APS_ENVIRONMENT = production;
				ASSETCATALOG_COMPILER_APPICON_NAME = AppIcon;
				ASSETCATALOG_COMPILER_GLOBAL_ACCENT_COLOR_NAME = AccentColor;
				CODE_SIGN_ENTITLEMENTS = HitoLog/HitoLog.entitlements;
				CODE_SIGN_IDENTITY = "Apple Development";
				CODE_SIGN_STYLE = Automatic;
				CURRENT_PROJECT_VERSION = 1;
				DEVELOPMENT_TEAM = 976WT2WW6X;
				GENERATE_INFOPLIST_FILE = NO;
				INFOPLIST_FILE = HitoLog/Resources/Info.plist;
				IPHONEOS_DEPLOYMENT_TARGET = 17.0;
				LD_RUNPATH_SEARCH_PATHS = (
					"$(inherited)",
					"@executable_path/Frameworks",
				);
				MARKETING_VERSION = 1.0;
				POSTHOG_HOST = "https://us.i.posthog.com";
				POSTHOG_PROJECT_TOKEN = "";
				"POSTHOG_PROJECT_TOKEN[arch=*]" = phc_oVcuGh3W2WeqxNR8Qhb83ASZf4nvuisJGpNpKncZUdpz;
				PRODUCT_BUNDLE_IDENTIFIER = com.yukikawabata.HitoLog;
				PRODUCT_NAME = "$(TARGET_NAME)";
				PROVISIONING_PROFILE_SPECIFIER = "";
				SUPPORTED_PLATFORMS = "iphoneos iphonesimulator";
				SUPPORTS_MACCATALYST = NO;
				SUPPORTS_MAC_DESIGNED_FOR_IPHONE_IPAD = NO;
				SWIFT_EMIT_LOC_STRINGS = YES;
				SWIFT_VERSION = 5.0;
				TARGETED_DEVICE_FAMILY = "1,2";
			};
			name = Release;
		};
/* End XCBuildConfiguration section */

/* Begin XCConfigurationList section */
		A00100000000000000000021 /* Build configuration list for PBXNativeTarget "HitoLog" */ = {
			isa = XCConfigurationList;
			buildConfigurations = (
				A00100000000000000000028 /* Debug */,
				A00100000000000000000029 /* Release */,
			);
			defaultConfigurationIsVisible = 0;
			defaultConfigurationName = Release;
		};
		A00100000000000000000025 /* Build configuration list for PBXProject "HitoLog" */ = {
			isa = XCConfigurationList;
			buildConfigurations = (
				A00100000000000000000026 /* Debug */,
				A00100000000000000000027 /* Release */,
			);
			defaultConfigurationIsVisible = 0;
			defaultConfigurationName = Release;
		};
/* End XCConfigurationList section */

/* Begin XCRemoteSwiftPackageReference section */
		P00100000000000000000001 /* XCRemoteSwiftPackageReference "firebase-ios-sdk" */ = {
			isa = XCRemoteSwiftPackageReference;
			repositoryURL = "https://github.com/firebase/firebase-ios-sdk.git";
			requirement = {
				kind = upToNextMajorVersion;
				minimumVersion = 12.0.0;
			};
		};
		P00100000000000000000002 /* XCRemoteSwiftPackageReference "posthog-ios" */ = {
			isa = XCRemoteSwiftPackageReference;
			repositoryURL = "https://github.com/PostHog/posthog-ios.git";
			requirement = {
				kind = upToNextMajorVersion;
				minimumVersion = 3.58.0;
			};
		};
/* End XCRemoteSwiftPackageReference section */

/* Begin XCSwiftPackageProductDependency section */
		E00100000000000000000001 /* FirebaseCore */ = {
			isa = XCSwiftPackageProductDependency;
			package = P00100000000000000000001 /* XCRemoteSwiftPackageReference "firebase-ios-sdk" */;
			productName = FirebaseCore;
		};
		E00100000000000000000002 /* FirebaseAuth */ = {
			isa = XCSwiftPackageProductDependency;
			package = P00100000000000000000001 /* XCRemoteSwiftPackageReference "firebase-ios-sdk" */;
			productName = FirebaseAuth;
		};
		E00100000000000000000003 /* FirebaseFirestore */ = {
			isa = XCSwiftPackageProductDependency;
			package = P00100000000000000000001 /* XCRemoteSwiftPackageReference "firebase-ios-sdk" */;
			productName = FirebaseFirestore;
		};
		E00100000000000000000004 /* FirebaseMessaging */ = {
			isa = XCSwiftPackageProductDependency;
			package = P00100000000000000000001 /* XCRemoteSwiftPackageReference "firebase-ios-sdk" */;
			productName = FirebaseMessaging;
		};
		E00100000000000000000005 /* FirebaseAppCheck */ = {
			isa = XCSwiftPackageProductDependency;
			package = P00100000000000000000001 /* XCRemoteSwiftPackageReference "firebase-ios-sdk" */;
			productName = FirebaseAppCheck;
		};
		E00100000000000000000006 /* FirebaseStorage */ = {
			isa = XCSwiftPackageProductDependency;
			package = P00100000000000000000001 /* XCRemoteSwiftPackageReference "firebase-ios-sdk" */;
			productName = FirebaseStorage;
		};
		E00100000000000000000007 /* PostHog */ = {
			isa = XCSwiftPackageProductDependency;
			package = P00100000000000000000002 /* XCRemoteSwiftPackageReference "posthog-ios" */;
			productName = PostHog;
		};
/* End XCSwiftPackageProductDependency section */
	};
	rootObject = A00100000000000000000024 /* Project object */;
}
